
Microsoft Visual Studio Solution File, Format Version 12.00
# Visual Studio 2012
Project("{FAE04EC0-301F-11D3-BF4B-00C04F79EFBC}") = "MobileClinicServices", "MobileClinicServices\MobileClinicServices.csproj", "{BEE7CDA7-3D57-4505-BDBE-1249753B73B9}"
EndProject
Project("{FAE04EC0-301F-11D3-BF4B-00C04F79EFBC}") = "MobileClinicServices.iOS", "iOS\MobileClinicServices.iOS.csproj", "{1702DE90-2C1D-4825-BFCC-4B43FB55802F}"
EndProject
Project("{D954291E-2A0B-460D-934E-DC6B0785DB48}") = "MobileClinicServicesShared", "MobileClinicServicesShared\MobileClinicServicesShared.shproj", "{27BF0392-90AC-42BB-AA30-EDF8003E8914}"
EndProject
Global
	GlobalSection(SolutionConfigurationPlatforms) = preSolution
		Debug|Any CPU = Debug|Any CPU
		Release|Any CPU = Release|Any CPU
		Debug|iPhoneSimulator = Debug|iPhoneSimulator
		Release|iPhone = Release|iPhone
		Release|iPhoneSimulator = Release|iPhoneSimulator
		Debug|iPhone = Debug|iPhone
	EndGlobalSection
	GlobalSection(ProjectConfigurationPlatforms) = postSolution
		{BEE7CDA7-3D57-4505-BDBE-1249753B73B9}.Debug|Any CPU.ActiveCfg = Debug|Any CPU
		{BEE7CDA7-3D57-4505-BDBE-1249753B73B9}.Debug|Any CPU.Build.0 = Debug|Any CPU
		{BEE7CDA7-3D57-4505-BDBE-1249753B73B9}.Release|Any CPU.ActiveCfg = Release|Any CPU
		{BEE7CDA7-3D57-4505-BDBE-1249753B73B9}.Release|Any CPU.Build.0 = Release|Any CPU
		{BEE7CDA7-3D57-4505-BDBE-1249753B73B9}.Debug|iPhoneSimulator.ActiveCfg = Debug|Any CPU
		{BEE7CDA7-3D57-4505-BDBE-1249753B73B9}.Debug|iPhoneSimulator.Build.0 = Debug|Any CPU
		{BEE7CDA7-3D57-4505-BDBE-1249753B73B9}.Release|iPhone.ActiveCfg = Release|Any CPU
		{BEE7CDA7-3D57-4505-BDBE-1249753B73B9}.Release|iPhone.Build.0 = Release|Any CPU
		{BEE7CDA7-3D57-4505-BDBE-1249753B73B9}.Release|iPhoneSimulator.ActiveCfg = Release|Any CPU
		{BEE7CDA7-3D57-4505-BDBE-1249753B73B9}.Release|iPhoneSimulator.Build.0 = Release|Any CPU
		{BEE7CDA7-3D57-4505-BDBE-1249753B73B9}.Debug|iPhone.ActiveCfg = Debug|Any CPU
		{BEE7CDA7-3D57-4505-BDBE-1249753B73B9}.Debug|iPhone.Build.0 = Debug|Any CPU
		{1702DE90-2C1D-4825-BFCC-4B43FB55802F}.Debug|Any CPU.ActiveCfg = Debug|iPhoneSimulator
		{1702DE90-2C1D-4825-BFCC-4B43FB55802F}.Debug|Any CPU.Build.0 = Debug|iPhoneSimulator
		{1702DE90-2C1D-4825-BFCC-4B43FB55802F}.Release|Any CPU.ActiveCfg = Release|iPhone
		{1702DE90-2C1D-4825-BFCC-4B43FB55802F}.Release|Any CPU.Build.0 = Release|iPhone
		{1702DE90-2C1D-4825-BFCC-4B43FB55802F}.Debug|iPhoneSimulator.ActiveCfg = Debug|iPhoneSimulator
		{1702DE90-2C1D-4825-BFCC-4B43FB55802F}.Debug|iPhoneSimulator.Build.0 = Debug|iPhoneSimulator
		{1702DE90-2C1D-4825-BFCC-4B43FB55802F}.Release|iPhone.ActiveCfg = Release|iPhone
		{1702DE90-2C1D-4825-BFCC-4B43FB55802F}.Release|iPhone.Build.0 = Release|iPhone
		{1702DE90-2C1D-4825-BFCC-4B43FB55802F}.Release|iPhoneSimulator.ActiveCfg = Release|iPhoneSimulator
		{1702DE90-2C1D-4825-BFCC-4B43FB55802F}.Release|iPhoneSimulator.Build.0 = Release|iPhoneSimulator
		{1702DE90-2C1D-4825-BFCC-4B43FB55802F}.Debug|iPhone.ActiveCfg = Debug|iPhone
		{1702DE90-2C1D-4825-BFCC-4B43FB55802F}.Debug|iPhone.Build.0 = Debug|iPhone
	EndGlobalSection
EndGlobal
